// !$*UTF8*$!
{
	archiveVersion = 1;
	classes = {
	};
	objectVersion = 56;
	objects = {

/* Begin PBXBuildFile section */
		AF163DC729E2B1C800AFB3AB /* alarm_sound.mp3 in Resources */ = {isa = PBXBuildFile; fileRef = AF163DC629E2B1C800AFB3AB /* alarm_sound.mp3 */; };
		AF9FEFF529E15F32007DBBF5 /* AppDelegate.swift in Sources */ = {isa = PBXBuildFile; fileRef = AF9FEFF429E15F32007DBBF5 /* AppDelegate.swift */; };
		AF9FEFF729E15F32007DBBF5 /* SceneDelegate.swift in Sources */ = {isa = PBXBuildFile; fileRef = AF9FEFF629E15F32007DBBF5 /* SceneDelegate.swift */; };
		AF9FEFF929E15F32007DBBF5 /* ViewController.swift in Sources */ = {isa = PBXBuildFile; fileRef = AF9FEFF829E15F32007DBBF5 /* ViewController.swift */; };
		AF9FEFFC29E15F32007DBBF5 /* Main.storyboard in Resources */ = {isa = PBXBuildFile; fileRef = AF9FEFFA29E15F32007DBBF5 /* Main.storyboard */; };
		AF9FEFFE29E15F34007DBBF5 /* Assets.xcassets in Resources */ = {isa = PBXBuildFile; fileRef = AF9FEFFD29E15F34007DBBF5 /* Assets.xcassets */; };
		AF9FF00129E15F34007DBBF5 /* LaunchScreen.storyboard in Resources */ = {isa = PBXBuildFile; fileRef = AF9FEFFF29E15F34007DBBF5 /* LaunchScreen.storyboard */; };
		AF9FF00929E15FCA007DBBF5 /* corgie icon.png in Resources */ = {isa = PBXBuildFile; fileRef = AF9FF00829E15FC9007DBBF5 /* corgie icon.png */; };
/* End PBXBuildFile section */

/* Begin PBXFileReference section */
		AF163DC629E2B1C800AFB3AB /* alarm_sound.mp3 */ = {isa = PBXFileReference; lastKnownFileType = audio.mp3; name = alarm_sound.mp3; path = Assets.xcassets/alarm_sound.dataset/alarm_sound.mp3; sourceTree = "<group>"; };
		AF9FEFF129E15F32007DBBF5 /* eggTimer.app */ = {isa = PBXFileReference; explicitFileType = wrapper.application; includeInIndex = 0; path = eggTimer.app; sourceTree = BUILT_PRODUCTS_DIR; };
		AF9FEFF429E15F32007DBBF5 /* AppDelegate.swift */ = {isa = PBXFileReference; lastKnownFileType = sourcecode.swift; path = AppDelegate.swift; sourceTree = "<group>"; };
		AF9FEFF629E15F32007DBBF5 /* SceneDelegate.swift */ = {isa = PBXFileReference; lastKnownFileType = sourcecode.swift; path = SceneDelegate.swift; sourceTree = "<group>"; };
		AF9FEFF829E15F32007DBBF5 /* ViewController.swift */ = {isa = PBXFileReference; lastKnownFileType = sourcecode.swift; path = ViewController.swift; sourceTree = "<group>"; };
		AF9FEFFB29E15F32007DBBF5 /* Base */ = {isa = PBXFileReference; lastKnownFileType = file.storyboard; name = Base; path = Base.lproj/Main.storyboard; sourceTree = "<group>"; };
		AF9FEFFD29E15F34007DBBF5 /* Assets.xcassets */ = {isa = PBXFileReference; lastKnownFileType = folder.assetcatalog; path = Assets.xcassets; sourceTree = "<group>"; };
		AF9FF00029E15F34007DBBF5 /* Base */ = {isa = PBXFileReference; lastKnownFileType = file.storyboard; name = Base; path = Base.lproj/LaunchScreen.storyboard; sourceTree = "<group>"; };
		AF9FF00229E15F34007DBBF5 /* Info.plist */ = {isa = PBXFileReference; lastKnownFileType = text.plist.xml; path = Info.plist; sourceTree = "<group>"; };
		AF9FF00829E15FC9007DBBF5 /* corgie icon.png */ = {isa = PBXFileReference; lastKnownFileType = image.png; path = "corgie icon.png"; sourceTree = "<group>"; };
/* End PBXFileReference section */

/* Begin PBXFrameworksBuildPhase section */
		AF9FEFEE29E15F32007DBBF5 /* Frameworks */ = {
			isa = PBXFrameworksBuildPhase;
			buildActionMask = 2147483647;
			files = (
			);
			runOnlyForDeploymentPostprocessing = 0;
		};
/* End PBXFrameworksBuildPhase section */

/* Begin PBXGroup section */
		AF9FEFE829E15F32007DBBF5 = {
			isa = PBXGroup;
			children = (
				AF9FEFF329E15F32007DBBF5 /* eggTimer */,
				AF9FEFF229E15F32007DBBF5 /* Products */,
			);
			sourceTree = "<group>";
		};
		AF9FEFF229E15F32007DBBF5 /* Products */ = {
			isa = PBXGroup;
			children = (
				AF9FEFF129E15F32007DBBF5 /* eggTimer.app */,
			);
			name = Products;
			sourceTree = "<group>";
		};
		AF9FEFF329E15F32007DBBF5 /* eggTimer */ = {
			isa = PBXGroup;
			children = (
				AF9FEFF429E15F32007DBBF5 /* AppDelegate.swift */,
				AF9FEFF629E15F32007DBBF5 /* SceneDelegate.swift */,
				AF9FEFF829E15F32007DBBF5 /* ViewController.swift */,
				AF9FEFFA29E15F32007DBBF5 /* Main.storyboard */,
				AF9FEFFD29E15F34007DBBF5 /* Assets.xcassets */,
				AF9FEFFF29E15F34007DBBF5 /* LaunchScreen.storyboard */,
				AF9FF00229E15F34007DBBF5 /* Info.plist */,
				AF9FF00829E15FC9007DBBF5 /* corgie icon.png */,
				AF163DC629E2B1C800AFB3AB /* alarm_sound.mp3 */,
			);
			path = eggTimer;
			sourceTree = "<group>";
		};
/* End PBXGroup section */

/* Begin PBXNativeTarget section */
		AF9FEFF029E15F32007DBBF5 /* eggTimer */ = {
			isa = PBXNativeTarget;
			buildConfigurationList = AF9FF00529E15F34007DBBF5 /* Build configuration list for PBXNativeTarget "eggTimer" */;
			buildPhases = (
				AF9FEFED29E15F32007DBBF5 /* Sources */,
				AF9FEFEE29E15F32007DBBF5 /* Frameworks */,
				AF9FEFEF29E15F32007DBBF5 /* Resources */,
			);
			buildRules = (
			);
			dependencies = (
			);
			name = eggTimer;
			productName = eggTimer;
			productReference = AF9FEFF129E15F32007DBBF5 /* eggTimer.app */;
			productType = "com.apple.product-type.application";
		};
/* End PBXNativeTarget section */

/* Begin PBXProject section */
		AF9FEFE929E15F32007DBBF5 /* Project object */ = {
			isa = PBXProject;
			attributes = {
				BuildIndependentTargetsInParallel = 1;
				LastSwiftUpdateCheck = 1420;
				LastUpgradeCheck = 1420;
				TargetAttributes = {
					AF9FEFF029E15F32007DBBF5 = {
						CreatedOnToolsVersion = 14.2;
					};
				};
			};
			buildConfigurationList = AF9FEFEC29E15F32007DBBF5 /* Build configuration list for PBXProject "eggTimer" */;
			compatibilityVersion = "Xcode 14.0";
			developmentRegion = en;
			hasScannedForEncodings = 0;
			knownRegions = (
				en,
				Base,
			);
			mainGroup = AF9FEFE829E15F32007DBBF5;
			productRefGroup = AF9FEFF229E15F32007DBBF5 /* Products */;
			projectDirPath = "";
			projectRoot = "";
			targets = (
				AF9FEFF029E15F32007DBBF5 /* eggTimer */,
			);
		};
/* End PBXProject section */

/* Begin PBXResourcesBuildPhase section */
		AF9FEFEF29E15F32007DBBF5 /* Resources */ = {
			isa = PBXResourcesBuildPhase;
			buildActionMask = 2147483647;
			files = (
				AF9FF00929E15FCA007DBBF5 /* corgie icon.png in Resources */,
				AF163DC729E2B1C800AFB3AB /* alarm_sound.mp3 in Resources */,
				AF9FF00129E15F34007DBBF5 /* LaunchScreen.storyboard in Resources */,
				AF9FEFFE29E15F34007DBBF5 /* Assets.xcassets in Resources */,
				AF9FEFFC29E15F32007DBBF5 /* Main.storyboard in Resources */,
			);
			runOnlyForDeploymentPostprocessing = 0;
		};
/* End PBXResourcesBuildPhase section */

/* Begin PBXSourcesBuildPhase section */
		AF9FEFED29E15F32007DBBF5 /* Sources */ = {
			isa = PBXSourcesBuildPhase;
			buildActionMask = 2147483647;
			files = (
				AF9FEFF929E15F32007DBBF5 /* ViewController.swift in Sources */,
				AF9FEFF529E15F32007DBBF5 /* AppDelegate.swift in Sources */,
				AF9FEFF729E15F32007DBBF5 /* SceneDelegate.swift in Sources */,
			);
			runOnlyForDeploymentPostprocessing = 0;
		};
/* End PBXSourcesBuildPhase section */

/* Begin PBXVariantGroup section */
		AF9FEFFA29E15F32007DBBF5 /* Main.storyboard */ = {
			isa = PBXVariantGroup;
			children = (
				AF9FEFFB29E15F32007DBBF5 /* Base */,
			);
			name = Main.storyboard;
			sourceTree = "<group>";
		};
		AF9FEFFF29E15F34007DBBF5 /* LaunchScreen.storyboard */ = {
			isa = PBXVariantGroup;
			children = (
				AF9FF00029E15F34007DBBF5 /* Base */,
			);
			name = LaunchScreen.storyboard;
			sourceTree = "<group>";
		};
/* End PBXVariantGroup section */

/* Begin XCBuildConfiguration section */
		AF9FF00329E15F34007DBBF5 /* Debug */ = {
			isa = XCBuildConfiguration;
			buildSettings = {
				ALWAYS_SEARCH_USER_PATHS = NO;
				CLANG_ANALYZER_NONNULL = YES;
				CLANG_ANALYZER_NUMBER_OBJECT_CONVERSION = YES_AGGRESSIVE;
				CLANG_CXX_LANGUAGE_STANDARD = "gnu++20";
				CLANG_ENABLE_MODULES = YES;
				CLANG_ENABLE_OBJC_ARC = YES;
				CLANG_ENABLE_OBJC_WEAK = YES;
				CLANG_WARN_BLOCK_CAPTURE_AUTORELEASING = YES;
				CLANG_WARN_BOOL_CONVERSION = YES;
				CLANG_WARN_COMMA = YES;
				CLANG_WARN_CONSTANT_CONVERSION = YES;
				CLANG_WARN_DEPRECATED_OBJC_IMPLEMENTATIONS = YES;
				CLANG_WARN_DIRECT_OBJC_ISA_USAGE = YES_ERROR;
				CLANG_WARN_DOCUMENTATION_COMMENTS = YES;
				CLANG_WARN_EMPTY_BODY = YES;
				CLANG_WARN_ENUM_CONVERSION = YES;
				CLANG_WARN_INFINITE_RECURSION = YES;
				CLANG_WARN_INT_CONVERSION = YES;
				CLANG_WARN_NON_LITERAL_NULL_CONVERSION = YES;
				CLANG_WARN_OBJC_IMPLICIT_RETAIN_SELF = YES;
				CLANG_WARN_OBJC_LITERAL_CONVERSION = YES;
				CLANG_WARN_OBJC_ROOT_CLASS = YES_ERROR;
				CLANG_WARN_QUOTED_INCLUDE_IN_FRAMEWORK_HEADER = YES;
				CLANG_WARN_RANGE_LOOP_ANALYSIS = YES;
				CLANG_WARN_STRICT_PROTOTYPES = YES;
				CLANG_WARN_SUSPICIOUS_MOVE = YES;
				CLANG_WARN_UNGUARDED_AVAILABILITY = YES_AGGRESSIVE;
				CLANG_WARN_UNREACHABLE_CODE = YES;
				CLANG_WARN__DUPLICATE_METHOD_MATCH = YES;
				COPY_PHASE_STRIP = NO;
				DEBUG_INFORMATION_FORMAT = dwarf;
				ENABLE_STRICT_OBJC_MSGSEND = YES;
				ENABLE_TESTABILITY = YES;
				GCC_C_LANGUAGE_STANDARD = gnu11;
				GCC_DYNAMIC_NO_PIC = NO;
				GCC_NO_COMMON_BLOCKS = YES;
				GCC_OPTIMIZATION_LEVEL = 0;
				GCC_PREPROCESSOR_DEFINITIONS = (
					"DEBUG=1",
					"$(inherited)",
				);
				GCC_WARN_64_TO_32_BIT_CONVERSION = YES;
				GCC_WARN_ABOUT_RETURN_TYPE = YES_ERROR;
				GCC_WARN_UNDECLARED_SELECTOR = YES;
				GCC_WARN_UNINITIALIZED_AUTOS = YES_AGGRESSIVE;
				GCC_WARN_UNUSED_FUNCTION = YES;
				GCC_WARN_UNUSED_VARIABLE = YES;
				IPHONEOS_DEPLOYMENT_TARGET = 16.2;
				MTL_ENABLE_DEBUG_INFO = INCLUDE_SOURCE;
				MTL_FAST_MATH = YES;
				ONLY_ACTIVE_ARCH = YES;
				SDKROOT = iphoneos;
				SWIFT_ACTIVE_COMPILATION_CONDITIONS = DEBUG;
				SWIFT_OPTIMIZATION_LEVEL = "-Onone";
			};
			name = Debug;
		};
		AF9FF00429E15F34007DBBF5 /* Release */ = {
			isa = XCBuildConfiguration;
			buildSettings = {
				ALWAYS_SEARCH_USER_PATHS = NO;
				CLANG_ANALYZER_NONNULL = YES;
				CLANG_ANALYZER_NUMBER_OBJECT_CONVERSION = YES_AGGRESSIVE;
				CLANG_CXX_LANGUAGE_STANDARD = "gnu++20";
				CLANG_ENABLE_MODULES = YES;
				CLANG_ENABLE_OBJC_ARC = YES;
				CLANG_ENABLE_OBJC_WEAK = YES;
				CLANG_WARN_BLOCK_CAPTURE_AUTORELEASING = YES;
				CLANG_WARN_BOOL_CONVERSION = YES;
				CLANG_WARN_COMMA = YES;
				CLANG_WARN_CONSTANT_CONVERSION = YES;
				CLANG_WARN_DEPRECATED_OBJC_IMPLEMENTATIONS = YES;
				CLANG_WARN_DIRECT_OBJC_ISA_USAGE = YES_ERROR;
				CLANG_WARN_DOCUMENTATION_COMMENTS = YES;
				CLANG_WARN_EMPTY_BODY = YES;
				CLANG_WARN_ENUM_CONVERSION = YES;
				CLANG_WARN_INFINITE_RECURSION = YES;
				CLANG_WARN_INT_CONVERSION = YES;
				CLANG_WARN_NON_LITERAL_NULL_CONVERSION = YES;
				CLANG_WARN_OBJC_IMPLICIT_RETAIN_SELF = YES;
				CLANG_WARN_OBJC_LITERAL_CONVERSION = YES;
				CLANG_WARN_OBJC_ROOT_CLASS = YES_ERROR;
				CLANG_WARN_QUOTED_INCLUDE_IN_FRAMEWORK_HEADER = YES;
				CLANG_WARN_RANGE_LOOP_ANALYSIS = YES;
				CLANG_WARN_STRICT_PROTOTYPES = YES;
				CLANG_WARN_SUSPICIOUS_MOVE = YES;
				CLANG_WARN_UNGUARDED_AVAILABILITY = YES_AGGRESSIVE;
				CLANG_WARN_UNREACHABLE_CODE = YES;
				CLANG_WARN__DUPLICATE_METHOD_MATCH = YES;
				COPY_PHASE_STRIP = NO;
				DEBUG_INFORMATION_FORMAT = "dwarf-with-dsym";
				ENABLE_NS_ASSERTIONS = NO;
				ENABLE_STRICT_OBJC_MSGSEND = YES;
				GCC_C_LANGUAGE_STANDARD = gnu11;
				GCC_NO_COMMON_BLOCKS = YES;
				GCC_WARN_64_TO_32_BIT_CONVERSION = YES;
				GCC_WARN_ABOUT_RETURN_TYPE = YES_ERROR;
				GCC_WARN_UNDECLARED_SELECTOR = YES;
				GCC_WARN_UNINITIALIZED_AUTOS = YES_AGGRESSIVE;
				GCC_WARN_UNUSED_FUNCTION = YES;
				GCC_WARN_UNUSED_VARIABLE = YES;
				IPHONEOS_DEPLOYMENT_TARGET = 16.2;
				MTL_ENABLE_DEBUG_INFO = NO;
				MTL_FAST_MATH = YES;
				SDKROOT = iphoneos;
				SWIFT_COMPILATION_MODE = wholemodule;
				SWIFT_OPTIMIZATION_LEVEL = "-O";
				VALIDATE_PRODUCT = YES;
			};
			name = Release;
		};
		AF9FF00629E15F34007DBBF5 /* Debug */ = {
			isa = XCBuildConfiguration;
			buildSettings = {
				ASSETCATALOG_COMPILER_APPICON_NAME = AppIcon;
				ASSETCATALOG_COMPILER_GLOBAL_ACCENT_COLOR_NAME = AccentColor;
				CODE_SIGN_STYLE = Automatic;
				CURRENT_PROJECT_VERSION = 1;
				DEVELOPMENT_TEAM = 8Q2U6KF6BL;
				GENERATE_INFOPLIST_FILE = YES;
				INFOPLIST_FILE = eggTimer/Info.plist;
				INFOPLIST_KEY_CFBundleDisplayName = "Egg Timer";
				INFOPLIST_KEY_LSApplicationCategoryType = "public.app-category.lifestyle";
				INFOPLIST_KEY_UIApplicationSupportsIndirectInputEvents = YES;
				INFOPLIST_KEY_UILaunchStoryboardName = LaunchScreen;
				INFOPLIST_KEY_UIMainStoryboardFile = Main;
				INFOPLIST_KEY_UISupportedInterfaceOrientations_iPad = "UIInterfaceOrientationPortrait UIInterfaceOrientationPortraitUpsideDown UIInterfaceOrientationLandscapeLeft UIInterfaceOrientationLandscapeRight";
				INFOPLIST_KEY_UISupportedInterfaceOrientations_iPhone = "UIInterfaceOrientationPortrait UIInterfaceOrientationLandscapeLeft UIInterfaceOrientationLandscapeRight";
				LD_RUNPATH_SEARCH_PATHS = (
					"$(inherited)",
					"@executable_path/Frameworks",
				);
				MARKETING_VERSION = 1.0;
				PRODUCT_BUNDLE_IDENTIFIER = com.YCS.eggTimer;
				PRODUCT_NAME = "$(TARGET_NAME)";
				SWIFT_EMIT_LOC_STRINGS = YES;
				SWIFT_VERSION = 5.0;
				TARGETED_DEVICE_FAMILY = "1,2";
			};
			name = Debug;
		};
		AF9FF00729E15F34007DBBF5 /* Release */ = {
			isa = XCBuildConfiguration;
			buildSettings = {
				ASSETCATALOG_COMPILER_APPICON_NAME = AppIcon;
				ASSETCATALOG_COMPILER_GLOBAL_ACCENT_COLOR_NAME = AccentColor;
				CODE_SIGN_STYLE = Automatic;
				CURRENT_PROJECT_VERSION = 1;
				DEVELOPMENT_TEAM = 8Q2U6KF6BL;
				GENERATE_INFOPLIST_FILE = YES;
				INFOPLIST_FILE = eggTimer/Info.plist;
				INFOPLIST_KEY_CFBundleDisplayName = "Egg Timer";
				INFOPLIST_KEY_LSApplicationCategoryType = "public.app-category.lifestyle";
				INFOPLIST_KEY_UIApplicationSupportsIndirectInputEvents = YES;
				INFOPLIST_KEY_UILaunchStoryboardName = LaunchScreen;
				INFOPLIST_KEY_UIMainStoryboardFile = Main;
				INFOPLIST_KEY_UISupportedInterfaceOrientations_iPad = "UIInterfaceOrientationPortrait UIInterfaceOrientationPortraitUpsideDown UIInterfaceOrientationLandscapeLeft UIInterfaceOrientationLandscapeRight";
				INFOPLIST_KEY_UISupportedInterfaceOrientations_iPhone = "UIInterfaceOrientationPortrait UIInterfaceOrientationLandscapeLeft UIInterfaceOrientationLandscapeRight";
				LD_RUNPATH_SEARCH_PATHS = (
					"$(inherited)",
					"@executable_path/Frameworks",
				);
				MARKETING_VERSION = 1.0;
				PRODUCT_BUNDLE_IDENTIFIER = com.YCS.eggTimer;
				PRODUCT_NAME = "$(TARGET_NAME)";
				SWIFT_EMIT_LOC_STRINGS = YES;
				SWIFT_VERSION = 5.0;
				TARGETED_DEVICE_FAMILY = "1,2";
			};
			name = Release;
		};
/* End XCBuildConfiguration section */

/* Begin XCConfigurationList section */
		AF9FEFEC29E15F32007DBBF5 /* Build configuration list for PBXProject "eggTimer" */ = {
			isa = XCConfigurationList;
			buildConfigurations = (
				AF9FF00329E15F34007DBBF5 /* Debug */,
				AF9FF00429E15F34007DBBF5 /* Release */,
			);
			defaultConfigurationIsVisible = 0;
			defaultConfigurationName = Release;
		};
		AF9FF00529E15F34007DBBF5 /* Build configuration list for PBXNativeTarget "eggTimer" */ = {
			isa = XCConfigurationList;
			buildConfigurations = (
				AF9FF00629E15F34007DBBF5 /* Debug */,
				AF9FF00729E15F34007DBBF5 /* Release */,
			);
			defaultConfigurationIsVisible = 0;
			defaultConfigurationName = Release;
		};
/* End XCConfigurationList section */
	};
	rootObject = AF9FEFE929E15F32007DBBF5 /* Project object */;
}
